
Microsoft Visual Studio Solution File, Format Version 12.00
# Visual Studio Version 16
VisualStudioVersion = 16.0.29326.143
MinimumVisualStudioVersion = 10.0.40219.1
Project("{FAE04EC0-301F-11D3-BF4B-00C04F79EFBC}") = "NetCoregRPC.Server", "NetCoregRPC.Server\NetCoregRPC.Server.csproj", "{5A6E0B48-887D-468C-83E6-6793D90D48FD}"
EndProject
Project("{FAE04EC0-301F-11D3-BF4B-00C04F79EFBC}") = "NetCoregRPC.Client.ConsoleApp", "NetCoregRPC.Client.Console\NetCoregRPC.Client.ConsoleApp.csproj", "{775E9398-CB61-4C7A-9EA5-9879F568E7D1}"
EndProject
Project("{2150E333-8FDC-42A3-9474-1A3956D46DE8}") = "Solution Items", "Solution Items", "{77D533F9-7EAD-4BE6-911C-4C94A586E91D}"
	ProjectSection(SolutionItems) = preProject
		Readme.md = Readme.md
	EndProjectSection
EndProject
Global
	GlobalSection(SolutionConfigurationPlatforms) = preSolution
		Debug|Any CPU = Debug|Any CPU
		Release|Any CPU = Release|Any CPU
	EndGlobalSection
	GlobalSection(ProjectConfigurationPlatforms) = postSolution
		{5A6E0B48-887D-468C-83E6-6793D90D48FD}.Debug|Any CPU.ActiveCfg = Debug|Any CPU
		{5A6E0B48-887D-468C-83E6-6793D90D48FD}.Debug|Any CPU.Build.0 = Debug|Any CPU
		{5A6E0B48-887D-468C-83E6-6793D90D48FD}.Release|Any CPU.ActiveCfg = Release|Any CPU
		{5A6E0B48-887D-468C-83E6-6793D90D48FD}.Release|Any CPU.Build.0 = Release|Any CPU
		{775E9398-CB61-4C7A-9EA5-9879F568E7D1}.Debug|Any CPU.ActiveCfg = Debug|Any CPU
		{775E9398-CB61-4C7A-9EA5-9879F568E7D1}.Debug|Any CPU.Build.0 = Debug|Any CPU
		{775E9398-CB61-4C7A-9EA5-9879F568E7D1}.Release|Any CPU.ActiveCfg = Release|Any CPU
		{775E9398-CB61-4C7A-9EA5-9879F568E7D1}.Release|Any CPU.Build.0 = Release|Any CPU
	EndGlobalSection
	GlobalSection(SolutionProperties) = preSolution
		HideSolutionNode = FALSE
	EndGlobalSection
	GlobalSection(ExtensibilityGlobals) = postSolution
		SolutionGuid = {4348C1F8-8456-4594-A2E0-3DF38CD5F705}
	EndGlobalSection
EndGlobal
